
Microsoft Visual Studio Solution File, Format Version 12.00
# Visual Studio 15
VisualStudioVersion = 15.0.27428.2037
MinimumVisualStudioVersion = 10.0.40219.1
Project("{8BC9CEB8-8B4A-11D0-8D11-00A0C91BC942}") = "test", "test\test.vcxproj", "{00C69A45-485E-4565-B510-92A076EE4640}"
EndProject
Global
	GlobalSection(SolutionConfigurationPlatforms) = preSolution
		Debug|x64 = Debug|x64
		Debug|x86 = Debug|x86
		Release|x64 = Release|x64
		Release|x86 = Release|x86
	EndGlobalSection
	GlobalSection(ProjectConfigurationPlatforms) = postSolution
		{00C69A45-485E-4565-B510-92A076EE4640}.Debug|x64.ActiveCfg = Debug|x64
		{00C69A45-485E-4565-B510-92A076EE4640}.Debug|x64.Build.0 = Debug|x64
		{00C69A45-485E-4565-B510-92A076EE4640}.Debug|x86.ActiveCfg = Debug|Win32
		{00C69A45-485E-4565-B510-92A076EE4640}.Debug|x86.Build.0 = Debug|Win32
		{00C69A45-485E-4565-B510-92A076EE4640}.Release|x64.ActiveCfg = Release|x64
		{00C69A45-485E-4565-B510-92A076EE4640}.Release|x64.Build.0 = Release|x64
		{00C69A45-485E-4565-B510-92A076EE4640}.Release|x86.ActiveCfg = Release|Win32
		{00C69A45-485E-4565-B510-92A076EE4640}.Release|x86.Build.0 = Release|Win32
	EndGlobalSection
	GlobalSection(SolutionProperties) = preSolution
		HideSolutionNode = FALSE
	EndGlobalSection
	GlobalSection(ExtensibilityGlobals) = postSolution
		SolutionGuid = {79226D04-7B9F-4B6A-8451-3504C2693BD6}
	EndGlobalSection
EndGlobal
